
Microsoft Visual Studio Solution File, Format Version 12.00
# Visual Studio Version 17
VisualStudioVersion = 17.11.35327.3
MinimumVisualStudioVersion = 10.0.40219.1
Project("{F184B08F-C81C-45F6-A57F-5ABD9991F28F}") = "SQL_Crud", "SQL_Crud\SQL_Crud.vbproj", "{3E1B6D5E-3B39-4683-BB9A-3D39A875FBA9}"
EndProject
Global
	GlobalSection(SolutionConfigurationPlatforms) = preSolution
		Debug|Any CPU = Debug|Any CPU
		Release|Any CPU = Release|Any CPU
	EndGlobalSection
	GlobalSection(ProjectConfigurationPlatforms) = postSolution
		{3E1B6D5E-3B39-4683-BB9A-3D39A875FBA9}.Debug|Any CPU.ActiveCfg = Debug|Any CPU
		{3E1B6D5E-3B39-4683-BB9A-3D39A875FBA9}.Debug|Any CPU.Build.0 = Debug|Any CPU
		{3E1B6D5E-3B39-4683-BB9A-3D39A875FBA9}.Release|Any CPU.ActiveCfg = Release|Any CPU
		{3E1B6D5E-3B39-4683-BB9A-3D39A875FBA9}.Release|Any CPU.Build.0 = Release|Any CPU
	EndGlobalSection
	GlobalSection(SolutionProperties) = preSolution
		HideSolutionNode = FALSE
	EndGlobalSection
	GlobalSection(ExtensibilityGlobals) = postSolution
		SolutionGuid = {D0A98FA9-C6CA-4444-A623-BBE79E5AD2FE}
	EndGlobalSection
EndGlobal
